
Microsoft Visual Studio Solution File, Format Version 12.00
# Visual Studio Version 17
VisualStudioVersion = 17.5.33627.172
MinimumVisualStudioVersion = 10.0.40219.1
Project("{9A19103F-16F7-4668-BE54-9A1E7A4F7556}") = "TJFoody.Server", "TJFoody\Server\TJFoody.Server.csproj", "{58A12217-C7C5-49FA-ABE9-56B2CD4EEC3D}"
EndProject
Project("{9A19103F-16F7-4668-BE54-9A1E7A4F7556}") = "TJFoody.Client", "TJFoody\Client\TJFoody.Client.csproj", "{5256D33F-6BA5-4F21-BE00-BD52BE0D5653}"
EndProject
Project("{9A19103F-16F7-4668-BE54-9A1E7A4F7556}") = "TJFoody.Shared", "TJFoody\Shared\TJFoody.Shared.csproj", "{7D76222F-4110-4CF3-AF86-74835AC96E39}"
EndProject
Project("{8BC9CEB8-8B4A-11D0-8D11-00A0C91BC942}") = "DllForBlazor", "DllForBlazor\DllForBlazor.vcxproj", "{7B15F63E-CFAA-4535-8744-B3DD19C58985}"
EndProject
Project("{8BC9CEB8-8B4A-11D0-8D11-00A0C91BC942}") = "CLRForBlazor", "CLRForBlazor\CLRForBlazor.vcxproj", "{E16EE21A-64D0-44D1-8AD3-CFB811122EBD}"
EndProject
Global
	GlobalSection(SolutionConfigurationPlatforms) = preSolution
		Debug|Any CPU = Debug|Any CPU
		Debug|x64 = Debug|x64
		Debug|x86 = Debug|x86
		Release|Any CPU = Release|Any CPU
		Release|x64 = Release|x64
		Release|x86 = Release|x86
	EndGlobalSection
	GlobalSection(ProjectConfigurationPlatforms) = postSolution
		{58A12217-C7C5-49FA-ABE9-56B2CD4EEC3D}.Debug|Any CPU.ActiveCfg = Debug|Any CPU
		{58A12217-C7C5-49FA-ABE9-56B2CD4EEC3D}.Debug|Any CPU.Build.0 = Debug|Any CPU
		{58A12217-C7C5-49FA-ABE9-56B2CD4EEC3D}.Debug|x64.ActiveCfg = Debug|Any CPU
		{58A12217-C7C5-49FA-ABE9-56B2CD4EEC3D}.Debug|x64.Build.0 = Debug|Any CPU
		{58A12217-C7C5-49FA-ABE9-56B2CD4EEC3D}.Debug|x86.ActiveCfg = Debug|Any CPU
		{58A12217-C7C5-49FA-ABE9-56B2CD4EEC3D}.Debug|x86.Build.0 = Debug|Any CPU
		{58A12217-C7C5-49FA-ABE9-56B2CD4EEC3D}.Release|Any CPU.ActiveCfg = Release|Any CPU
		{58A12217-C7C5-49FA-ABE9-56B2CD4EEC3D}.Release|Any CPU.Build.0 = Release|Any CPU
		{58A12217-C7C5-49FA-ABE9-56B2CD4EEC3D}.Release|x64.ActiveCfg = Release|Any CPU
		{58A12217-C7C5-49FA-ABE9-56B2CD4EEC3D}.Release|x64.Build.0 = Release|Any CPU
		{58A12217-C7C5-49FA-ABE9-56B2CD4EEC3D}.Release|x86.ActiveCfg = Release|Any CPU
		{58A12217-C7C5-49FA-ABE9-56B2CD4EEC3D}.Release|x86.Build.0 = Release|Any CPU
		{5256D33F-6BA5-4F21-BE00-BD52BE0D5653}.Debug|Any CPU.ActiveCfg = Debug|Any CPU
		{5256D33F-6BA5-4F21-BE00-BD52BE0D5653}.Debug|Any CPU.Build.0 = Debug|Any CPU
		{5256D33F-6BA5-4F21-BE00-BD52BE0D5653}.Debug|x64.ActiveCfg = Debug|Any CPU
		{5256D33F-6BA5-4F21-BE00-BD52BE0D5653}.Debug|x64.Build.0 = Debug|Any CPU
		{5256D33F-6BA5-4F21-BE00-BD52BE0D5653}.Debug|x86.ActiveCfg = Debug|Any CPU
		{5256D33F-6BA5-4F21-BE00-BD52BE0D5653}.Debug|x86.Build.0 = Debug|Any CPU
		{5256D33F-6BA5-4F21-BE00-BD52BE0D5653}.Release|Any CPU.ActiveCfg = Release|Any CPU
		{5256D33F-6BA5-4F21-BE00-BD52BE0D5653}.Release|Any CPU.Build.0 = Release|Any CPU
		{5256D33F-6BA5-4F21-BE00-BD52BE0D5653}.Release|x64.ActiveCfg = Release|Any CPU
		{5256D33F-6BA5-4F21-BE00-BD52BE0D5653}.Release|x64.Build.0 = Release|Any CPU
		{5256D33F-6BA5-4F21-BE00-BD52BE0D5653}.Release|x86.ActiveCfg = Release|Any CPU
		{5256D33F-6BA5-4F21-BE00-BD52BE0D5653}.Release|x86.Build.0 = Release|Any CPU
		{7D76222F-4110-4CF3-AF86-74835AC96E39}.Debug|Any CPU.ActiveCfg = Debug|Any CPU
		{7D76222F-4110-4CF3-AF86-74835AC96E39}.Debug|Any CPU.Build.0 = Debug|Any CPU
		{7D76222F-4110-4CF3-AF86-74835AC96E39}.Debug|x64.ActiveCfg = Debug|Any CPU
		{7D76222F-4110-4CF3-AF86-74835AC96E39}.Debug|x64.Build.0 = Debug|Any CPU
		{7D76222F-4110-4CF3-AF86-74835AC96E39}.Debug|x86.ActiveCfg = Debug|Any CPU
		{7D76222F-4110-4CF3-AF86-74835AC96E39}.Debug|x86.Build.0 = Debug|Any CPU
		{7D76222F-4110-4CF3-AF86-74835AC96E39}.Release|Any CPU.ActiveCfg = Release|Any CPU
		{7D76222F-4110-4CF3-AF86-74835AC96E39}.Release|Any CPU.Build.0 = Release|Any CPU
		{7D76222F-4110-4CF3-AF86-74835AC96E39}.Release|x64.ActiveCfg = Release|Any CPU
		{7D76222F-4110-4CF3-AF86-74835AC96E39}.Release|x64.Build.0 = Release|Any CPU
		{7D76222F-4110-4CF3-AF86-74835AC96E39}.Release|x86.ActiveCfg = Release|Any CPU
		{7D76222F-4110-4CF3-AF86-74835AC96E39}.Release|x86.Build.0 = Release|Any CPU
		{7B15F63E-CFAA-4535-8744-B3DD19C58985}.Debug|Any CPU.ActiveCfg = Debug|x64
		{7B15F63E-CFAA-4535-8744-B3DD19C58985}.Debug|Any CPU.Build.0 = Debug|x64
		{7B15F63E-CFAA-4535-8744-B3DD19C58985}.Debug|x64.ActiveCfg = Debug|x64
		{7B15F63E-CFAA-4535-8744-B3DD19C58985}.Debug|x64.Build.0 = Debug|x64
		{7B15F63E-CFAA-4535-8744-B3DD19C58985}.Debug|x86.ActiveCfg = Debug|Win32
		{7B15F63E-CFAA-4535-8744-B3DD19C58985}.Debug|x86.Build.0 = Debug|Win32
		{7B15F63E-CFAA-4535-8744-B3DD19C58985}.Release|Any CPU.ActiveCfg = Release|x64
		{7B15F63E-CFAA-4535-8744-B3DD19C58985}.Release|Any CPU.Build.0 = Release|x64
		{7B15F63E-CFAA-4535-8744-B3DD19C58985}.Release|x64.ActiveCfg = Release|x64
		{7B15F63E-CFAA-4535-8744-B3DD19C58985}.Release|x64.Build.0 = Release|x64
		{7B15F63E-CFAA-4535-8744-B3DD19C58985}.Release|x86.ActiveCfg = Release|Win32
		{7B15F63E-CFAA-4535-8744-B3DD19C58985}.Release|x86.Build.0 = Release|Win32
		{E16EE21A-64D0-44D1-8AD3-CFB811122EBD}.Debug|Any CPU.ActiveCfg = Debug|x64
		{E16EE21A-64D0-44D1-8AD3-CFB811122EBD}.Debug|Any CPU.Build.0 = Debug|x64
		{E16EE21A-64D0-44D1-8AD3-CFB811122EBD}.Debug|x64.ActiveCfg = Debug|x64
		{E16EE21A-64D0-44D1-8AD3-CFB811122EBD}.Debug|x64.Build.0 = Debug|x64
		{E16EE21A-64D0-44D1-8AD3-CFB811122EBD}.Debug|x86.ActiveCfg = Debug|Win32
		{E16EE21A-64D0-44D1-8AD3-CFB811122EBD}.Debug|x86.Build.0 = Debug|Win32
		{E16EE21A-64D0-44D1-8AD3-CFB811122EBD}.Release|Any CPU.ActiveCfg = Release|x64
		{E16EE21A-64D0-44D1-8AD3-CFB811122EBD}.Release|Any CPU.Build.0 = Release|x64
		{E16EE21A-64D0-44D1-8AD3-CFB811122EBD}.Release|x64.ActiveCfg = Release|x64
		{E16EE21A-64D0-44D1-8AD3-CFB811122EBD}.Release|x64.Build.0 = Release|x64
		{E16EE21A-64D0-44D1-8AD3-CFB811122EBD}.Release|x86.ActiveCfg = Release|Win32
		{E16EE21A-64D0-44D1-8AD3-CFB811122EBD}.Release|x86.Build.0 = Release|Win32
	EndGlobalSection
	GlobalSection(SolutionProperties) = preSolution
		HideSolutionNode = FALSE
	EndGlobalSection
	GlobalSection(ExtensibilityGlobals) = postSolution
		SolutionGuid = {1D1452FC-8DD3-4A68-ABEB-7B030AA29C57}
	EndGlobalSection
EndGlobal
